
Microsoft Visual Studio Solution File, Format Version 12.00
# Visual Studio 14
VisualStudioVersion = 14.0.25123.0
MinimumVisualStudioVersion = 10.0.40219.1
Project("{FAE04EC0-301F-11D3-BF4B-00C04F79EFBC}") = "CompromissoWS", "CompromissoWS\CompromissoWS.csproj", "{4AF15A6C-5E72-4A2F-B01C-87F348943F64}"
EndProject
Project("{FAE04EC0-301F-11D3-BF4B-00C04F79EFBC}") = "ClienteCompromisso", "ClienteCompromisso\ClienteCompromisso.csproj", "{B998820A-D343-4B62-83B2-E254270DDE29}"
EndProject
Global
	GlobalSection(SolutionConfigurationPlatforms) = preSolution
		Debug|Any CPU = Debug|Any CPU
		Release|Any CPU = Release|Any CPU
	EndGlobalSection
	GlobalSection(ProjectConfigurationPlatforms) = postSolution
		{4AF15A6C-5E72-4A2F-B01C-87F348943F64}.Debug|Any CPU.ActiveCfg = Debug|Any CPU
		{4AF15A6C-5E72-4A2F-B01C-87F348943F64}.Debug|Any CPU.Build.0 = Debug|Any CPU
		{4AF15A6C-5E72-4A2F-B01C-87F348943F64}.Release|Any CPU.ActiveCfg = Release|Any CPU
		{4AF15A6C-5E72-4A2F-B01C-87F348943F64}.Release|Any CPU.Build.0 = Release|Any CPU
		{B998820A-D343-4B62-83B2-E254270DDE29}.Debug|Any CPU.ActiveCfg = Debug|Any CPU
		{B998820A-D343-4B62-83B2-E254270DDE29}.Debug|Any CPU.Build.0 = Debug|Any CPU
		{B998820A-D343-4B62-83B2-E254270DDE29}.Release|Any CPU.ActiveCfg = Release|Any CPU
		{B998820A-D343-4B62-83B2-E254270DDE29}.Release|Any CPU.Build.0 = Release|Any CPU
	EndGlobalSection
	GlobalSection(SolutionProperties) = preSolution
		HideSolutionNode = FALSE
	EndGlobalSection
EndGlobal
